{
  "name": "kubernetes-agent",
  "version": "3.4.0",
  "lockfileVersion": 3,
  "requires": true,
  "packages": {
    "": {
      "name": "kubernetes-agent",
      "version": "3.4.0",
      "dependencies": {
        "cross-env": "^7.0.3"
      }
    },
    "../../node_modules/.pnpm/cross-env@7.0.3/node_modules/cross-env": {
      "version": "7.0.3",
      "license": "MIT",
      "dependencies": {
        "cross-spawn": "^7.0.1"
      },
      "bin": {
        "cross-env": "src/bin/cross-env.js",
        "cross-env-shell": "src/bin/cross-env-shell.js"
      },
      "devDependencies": {
        "kcd-scripts": "^5.5.0"
      },
      "engines": {
        "node": ">=10.14",
        "npm": ">=6",
        "yarn": ">=1"
      }
    },
    "node_modules/cross-env": {
      "resolved": "../../node_modules/.pnpm/cross-env@7.0.3/node_modules/cross-env",
      "link": true
    }
  }
}
